// !$*UTF8*$!
{
	archiveVersion = 1;
	classes = {
	};
	objectVersion = 55;
	objects = {

/* Begin PBXBuildFile section */
		70A2A8B8279C15A900288372 /* HirraSaleemNYTimesTaskApp.swift in Sources */ = {isa = PBXBuildFile; fileRef = 70A2A8B7279C15A900288372 /* HirraSaleemNYTimesTaskApp.swift */; };
		70A2A8BC279C15AA00288372 /* Assets.xcassets in Resources */ = {isa = PBXBuildFile; fileRef = 70A2A8BB279C15AA00288372 /* Assets.xcassets */; };
		70A2A8BF279C15AA00288372 /* Preview Assets.xcassets in Resources */ = {isa = PBXBuildFile; fileRef = 70A2A8BE279C15AA00288372 /* Preview Assets.xcassets */; };
		70A2A8C9279C15AB00288372 /* HirraSaleemNYTimesTaskTests.swift in Sources */ = {isa = PBXBuildFile; fileRef = 70A2A8C8279C15AB00288372 /* HirraSaleemNYTimesTaskTests.swift */; };
		70A2A8D3279C15AB00288372 /* HirraSaleemNYTimesTaskUITests.swift in Sources */ = {isa = PBXBuildFile; fileRef = 70A2A8D2279C15AB00288372 /* HirraSaleemNYTimesTaskUITests.swift */; };
		70A2A8D5279C15AB00288372 /* HirraSaleemNYTimesTaskUITestsLaunchTests.swift in Sources */ = {isa = PBXBuildFile; fileRef = 70A2A8D4279C15AB00288372 /* HirraSaleemNYTimesTaskUITestsLaunchTests.swift */; };
		70A2A8E3279C15BE00288372 /* NetworkMonitor.swift in Sources */ = {isa = PBXBuildFile; fileRef = 70A2A8E2279C15BE00288372 /* NetworkMonitor.swift */; };
		70A2A8EA279C16C900288372 /* ViewModel.swift in Sources */ = {isa = PBXBuildFile; fileRef = 70A2A8E9279C16C900288372 /* ViewModel.swift */; };
		70A2A8F6279C17F300288372 /* ContentView.swift in Sources */ = {isa = PBXBuildFile; fileRef = 70A2A8F5279C17F300288372 /* ContentView.swift */; };
		70A2A8F8279C181300288372 /* NewsView.swift in Sources */ = {isa = PBXBuildFile; fileRef = 70A2A8F7279C181300288372 /* NewsView.swift */; };
		70A2A8FA279C182200288372 /* HeaderView.swift in Sources */ = {isa = PBXBuildFile; fileRef = 70A2A8F9279C182200288372 /* HeaderView.swift */; };
		FA911236279C6E3200B6B147 /* NYTimeModel.swift in Sources */ = {isa = PBXBuildFile; fileRef = FA911232279C6E3200B6B147 /* NYTimeModel.swift */; };
		FA911237279C6E3200B6B147 /* Results.swift in Sources */ = {isa = PBXBuildFile; fileRef = FA911233279C6E3200B6B147 /* Results.swift */; };
		FA911239279C6E3200B6B147 /* Media.swift in Sources */ = {isa = PBXBuildFile; fileRef = FA911235279C6E3200B6B147 /* Media.swift */; };
/* End PBXBuildFile section */

/* Begin PBXContainerItemProxy section */
		70A2A8C5279C15AB00288372 /* PBXContainerItemProxy */ = {
			isa = PBXContainerItemProxy;
			containerPortal = 70A2A8AC279C15A900288372 /* Project object */;
			proxyType = 1;
			remoteGlobalIDString = 70A2A8B3279C15A900288372;
			remoteInfo = HirraSaleemNYTimesTask;
		};
		70A2A8CF279C15AB00288372 /* PBXContainerItemProxy */ = {
			isa = PBXContainerItemProxy;
			containerPortal = 70A2A8AC279C15A900288372 /* Project object */;
			proxyType = 1;
			remoteGlobalIDString = 70A2A8B3279C15A900288372;
			remoteInfo = HirraSaleemNYTimesTask;
		};
/* End PBXContainerItemProxy section */

/* Begin PBXFileReference section */
		70A2A8B4279C15A900288372 /* HirraSaleemNYTimesTask.app */ = {isa = PBXFileReference; explicitFileType = wrapper.application; includeInIndex = 0; path = HirraSaleemNYTimesTask.app; sourceTree = BUILT_PRODUCTS_DIR; };
		70A2A8B7279C15A900288372 /* HirraSaleemNYTimesTaskApp.swift */ = {isa = PBXFileReference; lastKnownFileType = sourcecode.swift; path = HirraSaleemNYTimesTaskApp.swift; sourceTree = "<group>"; };
		70A2A8BB279C15AA00288372 /* Assets.xcassets */ = {isa = PBXFileReference; lastKnownFileType = folder.assetcatalog; path = Assets.xcassets; sourceTree = "<group>"; };
		70A2A8BE279C15AA00288372 /* Preview Assets.xcassets */ = {isa = PBXFileReference; lastKnownFileType = folder.assetcatalog; path = "Preview Assets.xcassets"; sourceTree = "<group>"; };
		70A2A8C4279C15AB00288372 /* HirraSaleemNYTimesTaskTests.xctest */ = {isa = PBXFileReference; explicitFileType = wrapper.cfbundle; includeInIndex = 0; path = HirraSaleemNYTimesTaskTests.xctest; sourceTree = BUILT_PRODUCTS_DIR; };
		70A2A8C8279C15AB00288372 /* HirraSaleemNYTimesTaskTests.swift */ = {isa = PBXFileReference; lastKnownFileType = sourcecode.swift; path = HirraSaleemNYTimesTaskTests.swift; sourceTree = "<group>"; };
		70A2A8CE279C15AB00288372 /* HirraSaleemNYTimesTaskUITests.xctest */ = {isa = PBXFileReference; explicitFileType = wrapper.cfbundle; includeInIndex = 0; path = HirraSaleemNYTimesTaskUITests.xctest; sourceTree = BUILT_PRODUCTS_DIR; };
		70A2A8D2279C15AB00288372 /* HirraSaleemNYTimesTaskUITests.swift */ = {isa = PBXFileReference; lastKnownFileType = sourcecode.swift; path = HirraSaleemNYTimesTaskUITests.swift; sourceTree = "<group>"; };
		70A2A8D4279C15AB00288372 /* HirraSaleemNYTimesTaskUITestsLaunchTests.swift */ = {isa = PBXFileReference; lastKnownFileType = sourcecode.swift; path = HirraSaleemNYTimesTaskUITestsLaunchTests.swift; sourceTree = "<group>"; };
		70A2A8E2279C15BE00288372 /* NetworkMonitor.swift */ = {isa = PBXFileReference; fileEncoding = 4; lastKnownFileType = sourcecode.swift; path = NetworkMonitor.swift; sourceTree = "<group>"; };
		70A2A8E9279C16C900288372 /* ViewModel.swift */ = {isa = PBXFileReference; lastKnownFileType = sourcecode.swift; path = ViewModel.swift; sourceTree = "<group>"; };
		70A2A8F5279C17F300288372 /* ContentView.swift */ = {isa = PBXFileReference; lastKnownFileType = sourcecode.swift; path = ContentView.swift; sourceTree = "<group>"; };
		70A2A8F7279C181300288372 /* NewsView.swift */ = {isa = PBXFileReference; lastKnownFileType = sourcecode.swift; path = NewsView.swift; sourceTree = "<group>"; };
		70A2A8F9279C182200288372 /* HeaderView.swift */ = {isa = PBXFileReference; lastKnownFileType = sourcecode.swift; path = HeaderView.swift; sourceTree = "<group>"; };
		FA911231279C6D4B00B6B147 /* Info.plist */ = {isa = PBXFileReference; lastKnownFileType = text.plist; path = Info.plist; sourceTree = "<group>"; };
		FA911232279C6E3200B6B147 /* NYTimeModel.swift */ = {isa = PBXFileReference; fileEncoding = 4; lastKnownFileType = sourcecode.swift; path = NYTimeModel.swift; sourceTree = "<group>"; };
		FA911233279C6E3200B6B147 /* Results.swift */ = {isa = PBXFileReference; fileEncoding = 4; lastKnownFileType = sourcecode.swift; path = Results.swift; sourceTree = "<group>"; };
		FA911235279C6E3200B6B147 /* Media.swift */ = {isa = PBXFileReference; fileEncoding = 4; lastKnownFileType = sourcecode.swift; path = Media.swift; sourceTree = "<group>"; };
/* End PBXFileReference section */

/* Begin PBXFrameworksBuildPhase section */
		70A2A8B1279C15A900288372 /* Frameworks */ = {
			isa = PBXFrameworksBuildPhase;
			buildActionMask = 2147483647;
			files = (
			);
			runOnlyForDeploymentPostprocessing = 0;
		};
		70A2A8C1279C15AB00288372 /* Frameworks */ = {
			isa = PBXFrameworksBuildPhase;
			buildActionMask = 2147483647;
			files = (
			);
			runOnlyForDeploymentPostprocessing = 0;
		};
		70A2A8CB279C15AB00288372 /* Frameworks */ = {
			isa = PBXFrameworksBuildPhase;
			buildActionMask = 2147483647;
			files = (
			);
			runOnlyForDeploymentPostprocessing = 0;
		};
/* End PBXFrameworksBuildPhase section */

/* Begin PBXGroup section */
		70A2A8AB279C15A900288372 = {
			isa = PBXGroup;
			children = (
				70A2A8B6279C15A900288372 /* HirraSaleemNYTimesTask */,
				70A2A8C7279C15AB00288372 /* HirraSaleemNYTimesTaskTests */,
				70A2A8D1279C15AB00288372 /* HirraSaleemNYTimesTaskUITests */,
				70A2A8B5279C15A900288372 /* Products */,
			);
			sourceTree = "<group>";
		};
		70A2A8B5279C15A900288372 /* Products */ = {
			isa = PBXGroup;
			children = (
				70A2A8B4279C15A900288372 /* HirraSaleemNYTimesTask.app */,
				70A2A8C4279C15AB00288372 /* HirraSaleemNYTimesTaskTests.xctest */,
				70A2A8CE279C15AB00288372 /* HirraSaleemNYTimesTaskUITests.xctest */,
			);
			name = Products;
			sourceTree = "<group>";
		};
		70A2A8B6279C15A900288372 /* HirraSaleemNYTimesTask */ = {
			isa = PBXGroup;
			children = (
				FA911231279C6D4B00B6B147 /* Info.plist */,
				70A2A8E6279C162500288372 /* ViewModel */,
				70A2A8E5279C161B00288372 /* Model */,
				70A2A8E4279C161000288372 /* View */,
				70A2A8E1279C15BE00288372 /* SupportingFiles */,
				70A2A8B7279C15A900288372 /* HirraSaleemNYTimesTaskApp.swift */,
				70A2A8BB279C15AA00288372 /* Assets.xcassets */,
				70A2A8BD279C15AA00288372 /* Preview Content */,
			);
			path = HirraSaleemNYTimesTask;
			sourceTree = "<group>";
		};
		70A2A8BD279C15AA00288372 /* Preview Content */ = {
			isa = PBXGroup;
			children = (
				70A2A8BE279C15AA00288372 /* Preview Assets.xcassets */,
			);
			path = "Preview Content";
			sourceTree = "<group>";
		};
		70A2A8C7279C15AB00288372 /* HirraSaleemNYTimesTaskTests */ = {
			isa = PBXGroup;
			children = (
				70A2A8C8279C15AB00288372 /* HirraSaleemNYTimesTaskTests.swift */,
			);
			path = HirraSaleemNYTimesTaskTests;
			sourceTree = "<group>";
		};
		70A2A8D1279C15AB00288372 /* HirraSaleemNYTimesTaskUITests */ = {
			isa = PBXGroup;
			children = (
				70A2A8D2279C15AB00288372 /* HirraSaleemNYTimesTaskUITests.swift */,
				70A2A8D4279C15AB00288372 /* HirraSaleemNYTimesTaskUITestsLaunchTests.swift */,
			);
			path = HirraSaleemNYTimesTaskUITests;
			sourceTree = "<group>";
		};
		70A2A8E1279C15BE00288372 /* SupportingFiles */ = {
			isa = PBXGroup;
			children = (
				70A2A8E2279C15BE00288372 /* NetworkMonitor.swift */,
			);
			path = SupportingFiles;
			sourceTree = "<group>";
		};
		70A2A8E4279C161000288372 /* View */ = {
			isa = PBXGroup;
			children = (
				70A2A8F5279C17F300288372 /* ContentView.swift */,
				70A2A8F7279C181300288372 /* NewsView.swift */,
				70A2A8F9279C182200288372 /* HeaderView.swift */,
			);
			path = View;
			sourceTree = "<group>";
		};
		70A2A8E5279C161B00288372 /* Model */ = {
			isa = PBXGroup;
			children = (
				FA911232279C6E3200B6B147 /* NYTimeModel.swift */,
				FA911235279C6E3200B6B147 /* Media.swift */,
				FA911233279C6E3200B6B147 /* Results.swift */,
			);
			path = Model;
			sourceTree = "<group>";
		};
		70A2A8E6279C162500288372 /* ViewModel */ = {
			isa = PBXGroup;
			children = (
				70A2A8E9279C16C900288372 /* ViewModel.swift */,
			);
			path = ViewModel;
			sourceTree = "<group>";
		};
/* End PBXGroup section */

/* Begin PBXNativeTarget section */
		70A2A8B3279C15A900288372 /* HirraSaleemNYTimesTask */ = {
			isa = PBXNativeTarget;
			buildConfigurationList = 70A2A8D8279C15AB00288372 /* Build configuration list for PBXNativeTarget "HirraSaleemNYTimesTask" */;
			buildPhases = (
				70A2A8B0279C15A900288372 /* Sources */,
				70A2A8B1279C15A900288372 /* Frameworks */,
				70A2A8B2279C15A900288372 /* Resources */,
			);
			buildRules = (
			);
			dependencies = (
			);
			name = HirraSaleemNYTimesTask;
			productName = HirraSaleemNYTimesTask;
			productReference = 70A2A8B4279C15A900288372 /* HirraSaleemNYTimesTask.app */;
			productType = "com.apple.product-type.application";
		};
		70A2A8C3279C15AB00288372 /* HirraSaleemNYTimesTaskTests */ = {
			isa = PBXNativeTarget;
			buildConfigurationList = 70A2A8DB279C15AB00288372 /* Build configuration list for PBXNativeTarget "HirraSaleemNYTimesTaskTests" */;
			buildPhases = (
				70A2A8C0279C15AB00288372 /* Sources */,
				70A2A8C1279C15AB00288372 /* Frameworks */,
				70A2A8C2279C15AB00288372 /* Resources */,
			);
			buildRules = (
			);
			dependencies = (
				70A2A8C6279C15AB00288372 /* PBXTargetDependency */,
			);
			name = HirraSaleemNYTimesTaskTests;
			productName = HirraSaleemNYTimesTaskTests;
			productReference = 70A2A8C4279C15AB00288372 /* HirraSaleemNYTimesTaskTests.xctest */;
			productType = "com.apple.product-type.bundle.unit-test";
		};
		70A2A8CD279C15AB00288372 /* HirraSaleemNYTimesTaskUITests */ = {
			isa = PBXNativeTarget;
			buildConfigurationList = 70A2A8DE279C15AB00288372 /* Build configuration list for PBXNativeTarget "HirraSaleemNYTimesTaskUITests" */;
			buildPhases = (
				70A2A8CA279C15AB00288372 /* Sources */,
				70A2A8CB279C15AB00288372 /* Frameworks */,
				70A2A8CC279C15AB00288372 /* Resources */,
			);
			buildRules = (
			);
			dependencies = (
				70A2A8D0279C15AB00288372 /* PBXTargetDependency */,
			);
			name = HirraSaleemNYTimesTaskUITests;
			productName = HirraSaleemNYTimesTaskUITests;
			productReference = 70A2A8CE279C15AB00288372 /* HirraSaleemNYTimesTaskUITests.xctest */;
			productType = "com.apple.product-type.bundle.ui-testing";
		};
/* End PBXNativeTarget section */

/* Begin PBXProject section */
		70A2A8AC279C15A900288372 /* Project object */ = {
			isa = PBXProject;
			attributes = {
				BuildIndependentTargetsInParallel = 1;
				LastSwiftUpdateCheck = 1320;
				LastUpgradeCheck = 1320;
				TargetAttributes = {
					70A2A8B3279C15A900288372 = {
						CreatedOnToolsVersion = 13.2.1;
					};
					70A2A8C3279C15AB00288372 = {
						CreatedOnToolsVersion = 13.2.1;
						TestTargetID = 70A2A8B3279C15A900288372;
					};
					70A2A8CD279C15AB00288372 = {
						CreatedOnToolsVersion = 13.2.1;
						TestTargetID = 70A2A8B3279C15A900288372;
					};
				};
			};
			buildConfigurationList = 70A2A8AF279C15A900288372 /* Build configuration list for PBXProject "HirraSaleemNYTimesTask" */;
			compatibilityVersion = "Xcode 13.0";
			developmentRegion = en;
			hasScannedForEncodings = 0;
			knownRegions = (
				en,
				Base,
			);
			mainGroup = 70A2A8AB279C15A900288372;
			productRefGroup = 70A2A8B5279C15A900288372 /* Products */;
			projectDirPath = "";
			projectRoot = "";
			targets = (
				70A2A8B3279C15A900288372 /* HirraSaleemNYTimesTask */,
				70A2A8C3279C15AB00288372 /* HirraSaleemNYTimesTaskTests */,
				70A2A8CD279C15AB00288372 /* HirraSaleemNYTimesTaskUITests */,
			);
		};
/* End PBXProject section */

/* Begin PBXResourcesBuildPhase section */
		70A2A8B2279C15A900288372 /* Resources */ = {
			isa = PBXResourcesBuildPhase;
			buildActionMask = 2147483647;
			files = (
				70A2A8BF279C15AA00288372 /* Preview Assets.xcassets in Resources */,
				70A2A8BC279C15AA00288372 /* Assets.xcassets in Resources */,
			);
			runOnlyForDeploymentPostprocessing = 0;
		};
		70A2A8C2279C15AB00288372 /* Resources */ = {
			isa = PBXResourcesBuildPhase;
			buildActionMask = 2147483647;
			files = (
			);
			runOnlyForDeploymentPostprocessing = 0;
		};
		70A2A8CC279C15AB00288372 /* Resources */ = {
			isa = PBXResourcesBuildPhase;
			buildActionMask = 2147483647;
			files = (
			);
			runOnlyForDeploymentPostprocessing = 0;
		};
/* End PBXResourcesBuildPhase section */

/* Begin PBXSourcesBuildPhase section */
		70A2A8B0279C15A900288372 /* Sources */ = {
			isa = PBXSourcesBuildPhase;
			buildActionMask = 2147483647;
			files = (
				FA911239279C6E3200B6B147 /* Media.swift in Sources */,
				70A2A8E3279C15BE00288372 /* NetworkMonitor.swift in Sources */,
				70A2A8F6279C17F300288372 /* ContentView.swift in Sources */,
				70A2A8F8279C181300288372 /* NewsView.swift in Sources */,
				70A2A8EA279C16C900288372 /* ViewModel.swift in Sources */,
				FA911236279C6E3200B6B147 /* NYTimeModel.swift in Sources */,
				FA911237279C6E3200B6B147 /* Results.swift in Sources */,
				70A2A8B8279C15A900288372 /* HirraSaleemNYTimesTaskApp.swift in Sources */,
				70A2A8FA279C182200288372 /* HeaderView.swift in Sources */,
			);
			runOnlyForDeploymentPostprocessing = 0;
		};
		70A2A8C0279C15AB00288372 /* Sources */ = {
			isa = PBXSourcesBuildPhase;
			buildActionMask = 2147483647;
			files = (
				70A2A8C9279C15AB00288372 /* HirraSaleemNYTimesTaskTests.swift in Sources */,
			);
			runOnlyForDeploymentPostprocessing = 0;
		};
		70A2A8CA279C15AB00288372 /* Sources */ = {
			isa = PBXSourcesBuildPhase;
			buildActionMask = 2147483647;
			files = (
				70A2A8D3279C15AB00288372 /* HirraSaleemNYTimesTaskUITests.swift in Sources */,
				70A2A8D5279C15AB00288372 /* HirraSaleemNYTimesTaskUITestsLaunchTests.swift in Sources */,
			);
			runOnlyForDeploymentPostprocessing = 0;
		};
/* End PBXSourcesBuildPhase section */

/* Begin PBXTargetDependency section */
		70A2A8C6279C15AB00288372 /* PBXTargetDependency */ = {
			isa = PBXTargetDependency;
			target = 70A2A8B3279C15A900288372 /* HirraSaleemNYTimesTask */;
			targetProxy = 70A2A8C5279C15AB00288372 /* PBXContainerItemProxy */;
		};
		70A2A8D0279C15AB00288372 /* PBXTargetDependency */ = {
			isa = PBXTargetDependency;
			target = 70A2A8B3279C15A900288372 /* HirraSaleemNYTimesTask */;
			targetProxy = 70A2A8CF279C15AB00288372 /* PBXContainerItemProxy */;
		};
/* End PBXTargetDependency section */

/* Begin XCBuildConfiguration section */
		70A2A8D6279C15AB00288372 /* Debug */ = {
			isa = XCBuildConfiguration;
			buildSettings = {
				ALWAYS_SEARCH_USER_PATHS = NO;
				CLANG_ANALYZER_NONNULL = YES;
				CLANG_ANALYZER_NUMBER_OBJECT_CONVERSION = YES_AGGRESSIVE;
				CLANG_CXX_LANGUAGE_STANDARD = "gnu++17";
				CLANG_CXX_LIBRARY = "libc++";
				CLANG_ENABLE_MODULES = YES;
				CLANG_ENABLE_OBJC_ARC = YES;
				CLANG_ENABLE_OBJC_WEAK = YES;
				CLANG_WARN_BLOCK_CAPTURE_AUTORELEASING = YES;
				CLANG_WARN_BOOL_CONVERSION = YES;
				CLANG_WARN_COMMA = YES;
				CLANG_WARN_CONSTANT_CONVERSION = YES;
				CLANG_WARN_DEPRECATED_OBJC_IMPLEMENTATIONS = YES;
				CLANG_WARN_DIRECT_OBJC_ISA_USAGE = YES_ERROR;
				CLANG_WARN_DOCUMENTATION_COMMENTS = YES;
				CLANG_WARN_EMPTY_BODY = YES;
				CLANG_WARN_ENUM_CONVERSION = YES;
				CLANG_WARN_INFINITE_RECURSION = YES;
				CLANG_WARN_INT_CONVERSION = YES;
				CLANG_WARN_NON_LITERAL_NULL_CONVERSION = YES;
				CLANG_WARN_OBJC_IMPLICIT_RETAIN_SELF = YES;
				CLANG_WARN_OBJC_LITERAL_CONVERSION = YES;
				CLANG_WARN_OBJC_ROOT_CLASS = YES_ERROR;
				CLANG_WARN_QUOTED_INCLUDE_IN_FRAMEWORK_HEADER = YES;
				CLANG_WARN_RANGE_LOOP_ANALYSIS = YES;
				CLANG_WARN_STRICT_PROTOTYPES = YES;
				CLANG_WARN_SUSPICIOUS_MOVE = YES;
				CLANG_WARN_UNGUARDED_AVAILABILITY = YES_AGGRESSIVE;
				CLANG_WARN_UNREACHABLE_CODE = YES;
				CLANG_WARN__DUPLICATE_METHOD_MATCH = YES;
				COPY_PHASE_STRIP = NO;
				DEBUG_INFORMATION_FORMAT = dwarf;
				ENABLE_STRICT_OBJC_MSGSEND = YES;
				ENABLE_TESTABILITY = YES;
				GCC_C_LANGUAGE_STANDARD = gnu11;
				GCC_DYNAMIC_NO_PIC = NO;
				GCC_NO_COMMON_BLOCKS = YES;
				GCC_OPTIMIZATION_LEVEL = 0;
				GCC_PREPROCESSOR_DEFINITIONS = (
					"DEBUG=1",
					"$(inherited)",
				);
				GCC_WARN_64_TO_32_BIT_CONVERSION = YES;
				GCC_WARN_ABOUT_RETURN_TYPE = YES_ERROR;
				GCC_WARN_UNDECLARED_SELECTOR = YES;
				GCC_WARN_UNINITIALIZED_AUTOS = YES_AGGRESSIVE;
				GCC_WARN_UNUSED_FUNCTION = YES;
				GCC_WARN_UNUSED_VARIABLE = YES;
				IPHONEOS_DEPLOYMENT_TARGET = 15.2;
				MTL_ENABLE_DEBUG_INFO = INCLUDE_SOURCE;
				MTL_FAST_MATH = YES;
				ONLY_ACTIVE_ARCH = YES;
				SDKROOT = iphoneos;
				SWIFT_ACTIVE_COMPILATION_CONDITIONS = DEBUG;
				SWIFT_OPTIMIZATION_LEVEL = "-Onone";
			};
			name = Debug;
		};
		70A2A8D7279C15AB00288372 /* Release */ = {
			isa = XCBuildConfiguration;
			buildSettings = {
				ALWAYS_SEARCH_USER_PATHS = NO;
				CLANG_ANALYZER_NONNULL = YES;
				CLANG_ANALYZER_NUMBER_OBJECT_CONVERSION = YES_AGGRESSIVE;
				CLANG_CXX_LANGUAGE_STANDARD = "gnu++17";
				CLANG_CXX_LIBRARY = "libc++";
				CLANG_ENABLE_MODULES = YES;
				CLANG_ENABLE_OBJC_ARC = YES;
				CLANG_ENABLE_OBJC_WEAK = YES;
				CLANG_WARN_BLOCK_CAPTURE_AUTORELEASING = YES;
				CLANG_WARN_BOOL_CONVERSION = YES;
				CLANG_WARN_COMMA = YES;
				CLANG_WARN_CONSTANT_CONVERSION = YES;
				CLANG_WARN_DEPRECATED_OBJC_IMPLEMENTATIONS = YES;
				CLANG_WARN_DIRECT_OBJC_ISA_USAGE = YES_ERROR;
				CLANG_WARN_DOCUMENTATION_COMMENTS = YES;
				CLANG_WARN_EMPTY_BODY = YES;
				CLANG_WARN_ENUM_CONVERSION = YES;
				CLANG_WARN_INFINITE_RECURSION = YES;
				CLANG_WARN_INT_CONVERSION = YES;
				CLANG_WARN_NON_LITERAL_NULL_CONVERSION = YES;
				CLANG_WARN_OBJC_IMPLICIT_RETAIN_SELF = YES;
				CLANG_WARN_OBJC_LITERAL_CONVERSION = YES;
				CLANG_WARN_OBJC_ROOT_CLASS = YES_ERROR;
				CLANG_WARN_QUOTED_INCLUDE_IN_FRAMEWORK_HEADER = YES;
				CLANG_WARN_RANGE_LOOP_ANALYSIS = YES;
				CLANG_WARN_STRICT_PROTOTYPES = YES;
				CLANG_WARN_SUSPICIOUS_MOVE = YES;
				CLANG_WARN_UNGUARDED_AVAILABILITY = YES_AGGRESSIVE;
				CLANG_WARN_UNREACHABLE_CODE = YES;
				CLANG_WARN__DUPLICATE_METHOD_MATCH = YES;
				COPY_PHASE_STRIP = NO;
				DEBUG_INFORMATION_FORMAT = "dwarf-with-dsym";
				ENABLE_NS_ASSERTIONS = NO;
				ENABLE_STRICT_OBJC_MSGSEND = YES;
				GCC_C_LANGUAGE_STANDARD = gnu11;
				GCC_NO_COMMON_BLOCKS = YES;
				GCC_WARN_64_TO_32_BIT_CONVERSION = YES;
				GCC_WARN_ABOUT_RETURN_TYPE = YES_ERROR;
				GCC_WARN_UNDECLARED_SELECTOR = YES;
				GCC_WARN_UNINITIALIZED_AUTOS = YES_AGGRESSIVE;
				GCC_WARN_UNUSED_FUNCTION = YES;
				GCC_WARN_UNUSED_VARIABLE = YES;
				IPHONEOS_DEPLOYMENT_TARGET = 15.2;
				MTL_ENABLE_DEBUG_INFO = NO;
				MTL_FAST_MATH = YES;
				SDKROOT = iphoneos;
				SWIFT_COMPILATION_MODE = wholemodule;
				SWIFT_OPTIMIZATION_LEVEL = "-O";
				VALIDATE_PRODUCT = YES;
			};
			name = Release;
		};
		70A2A8D9279C15AB00288372 /* Debug */ = {
			isa = XCBuildConfiguration;
			buildSettings = {
				ASSETCATALOG_COMPILER_APPICON_NAME = AppIcon;
				ASSETCATALOG_COMPILER_GLOBAL_ACCENT_COLOR_NAME = AccentColor;
				CODE_SIGN_STYLE = Automatic;
				CURRENT_PROJECT_VERSION = 1;
				DEVELOPMENT_ASSET_PATHS = "\"HirraSaleemNYTimesTask/Preview Content\"";
				DEVELOPMENT_TEAM = MH4A3H8G7P;
				ENABLE_PREVIEWS = YES;
				GENERATE_INFOPLIST_FILE = YES;
				INFOPLIST_FILE = HirraSaleemNYTimesTask/Info.plist;
				INFOPLIST_KEY_UIApplicationSceneManifest_Generation = YES;
				INFOPLIST_KEY_UIApplicationSupportsIndirectInputEvents = YES;
				INFOPLIST_KEY_UILaunchScreen_Generation = YES;
				INFOPLIST_KEY_UISupportedInterfaceOrientations_iPad = "UIInterfaceOrientationPortrait UIInterfaceOrientationPortraitUpsideDown UIInterfaceOrientationLandscapeLeft UIInterfaceOrientationLandscapeRight";
				INFOPLIST_KEY_UISupportedInterfaceOrientations_iPhone = "UIInterfaceOrientationPortrait UIInterfaceOrientationLandscapeLeft UIInterfaceOrientationLandscapeRight";
				INFOPLIST_KEY_UIUserInterfaceStyle = Light;
				IPHONEOS_DEPLOYMENT_TARGET = 14.0;
				LD_RUNPATH_SEARCH_PATHS = (
					"$(inherited)",
					"@executable_path/Frameworks",
				);
				MARKETING_VERSION = 1.0;
				PRODUCT_BUNDLE_IDENTIFIER = com.testing.HirraSaleemNYTimesTask;
				PRODUCT_NAME = "$(TARGET_NAME)";
				SWIFT_EMIT_LOC_STRINGS = YES;
				SWIFT_VERSION = 5.0;
				TARGETED_DEVICE_FAMILY = "1,2";
			};
			name = Debug;
		};
		70A2A8DA279C15AB00288372 /* Release */ = {
			isa = XCBuildConfiguration;
			buildSettings = {
				ASSETCATALOG_COMPILER_APPICON_NAME = AppIcon;
				ASSETCATALOG_COMPILER_GLOBAL_ACCENT_COLOR_NAME = AccentColor;
				CODE_SIGN_STYLE = Automatic;
				CURRENT_PROJECT_VERSION = 1;
				DEVELOPMENT_ASSET_PATHS = "\"HirraSaleemNYTimesTask/Preview Content\"";
				DEVELOPMENT_TEAM = MH4A3H8G7P;
				ENABLE_PREVIEWS = YES;
				GENERATE_INFOPLIST_FILE = YES;
				INFOPLIST_FILE = HirraSaleemNYTimesTask/Info.plist;
				INFOPLIST_KEY_UIApplicationSceneManifest_Generation = YES;
				INFOPLIST_KEY_UIApplicationSupportsIndirectInputEvents = YES;
				INFOPLIST_KEY_UILaunchScreen_Generation = YES;
				INFOPLIST_KEY_UISupportedInterfaceOrientations_iPad = "UIInterfaceOrientationPortrait UIInterfaceOrientationPortraitUpsideDown UIInterfaceOrientationLandscapeLeft UIInterfaceOrientationLandscapeRight";
				INFOPLIST_KEY_UISupportedInterfaceOrientations_iPhone = "UIInterfaceOrientationPortrait UIInterfaceOrientationLandscapeLeft UIInterfaceOrientationLandscapeRight";
				INFOPLIST_KEY_UIUserInterfaceStyle = Light;
				IPHONEOS_DEPLOYMENT_TARGET = 14.0;
				LD_RUNPATH_SEARCH_PATHS = (
					"$(inherited)",
					"@executable_path/Frameworks",
				);
				MARKETING_VERSION = 1.0;
				PRODUCT_BUNDLE_IDENTIFIER = com.testing.HirraSaleemNYTimesTask;
				PRODUCT_NAME = "$(TARGET_NAME)";
				SWIFT_EMIT_LOC_STRINGS = YES;
				SWIFT_VERSION = 5.0;
				TARGETED_DEVICE_FAMILY = "1,2";
			};
			name = Release;
		};
		70A2A8DC279C15AB00288372 /* Debug */ = {
			isa = XCBuildConfiguration;
			buildSettings = {
				ALWAYS_EMBED_SWIFT_STANDARD_LIBRARIES = YES;
				BUNDLE_LOADER = "$(TEST_HOST)";
				CODE_SIGN_STYLE = Automatic;
				CURRENT_PROJECT_VERSION = 1;
				GENERATE_INFOPLIST_FILE = YES;
				IPHONEOS_DEPLOYMENT_TARGET = 15.2;
				MARKETING_VERSION = 1.0;
				PRODUCT_BUNDLE_IDENTIFIER = com.testing.HirraSaleemNYTimesTaskTests;
				PRODUCT_NAME = "$(TARGET_NAME)";
				SWIFT_EMIT_LOC_STRINGS = NO;
				SWIFT_VERSION = 5.0;
				TARGETED_DEVICE_FAMILY = "1,2";
				TEST_HOST = "$(BUILT_PRODUCTS_DIR)/HirraSaleemNYTimesTask.app/HirraSaleemNYTimesTask";
			};
			name = Debug;
		};
		70A2A8DD279C15AB00288372 /* Release */ = {
			isa = XCBuildConfiguration;
			buildSettings = {
				ALWAYS_EMBED_SWIFT_STANDARD_LIBRARIES = YES;
				BUNDLE_LOADER = "$(TEST_HOST)";
				CODE_SIGN_STYLE = Automatic;
				CURRENT_PROJECT_VERSION = 1;
				GENERATE_INFOPLIST_FILE = YES;
				IPHONEOS_DEPLOYMENT_TARGET = 15.2;
				MARKETING_VERSION = 1.0;
				PRODUCT_BUNDLE_IDENTIFIER = com.testing.HirraSaleemNYTimesTaskTests;
				PRODUCT_NAME = "$(TARGET_NAME)";
				SWIFT_EMIT_LOC_STRINGS = NO;
				SWIFT_VERSION = 5.0;
				TARGETED_DEVICE_FAMILY = "1,2";
				TEST_HOST = "$(BUILT_PRODUCTS_DIR)/HirraSaleemNYTimesTask.app/HirraSaleemNYTimesTask";
			};
			name = Release;
		};
		70A2A8DF279C15AB00288372 /* Debug */ = {
			isa = XCBuildConfiguration;
			buildSettings = {
				ALWAYS_EMBED_SWIFT_STANDARD_LIBRARIES = YES;
				CODE_SIGN_STYLE = Automatic;
				CURRENT_PROJECT_VERSION = 1;
				GENERATE_INFOPLIST_FILE = YES;
				MARKETING_VERSION = 1.0;
				PRODUCT_BUNDLE_IDENTIFIER = com.testing.HirraSaleemNYTimesTaskUITests;
				PRODUCT_NAME = "$(TARGET_NAME)";
				SWIFT_EMIT_LOC_STRINGS = NO;
				SWIFT_VERSION = 5.0;
				TARGETED_DEVICE_FAMILY = "1,2";
				TEST_TARGET_NAME = HirraSaleemNYTimesTask;
			};
			name = Debug;
		};
		70A2A8E0279C15AB00288372 /* Release */ = {
			isa = XCBuildConfiguration;
			buildSettings = {
				ALWAYS_EMBED_SWIFT_STANDARD_LIBRARIES = YES;
				CODE_SIGN_STYLE = Automatic;
				CURRENT_PROJECT_VERSION = 1;
				GENERATE_INFOPLIST_FILE = YES;
				MARKETING_VERSION = 1.0;
				PRODUCT_BUNDLE_IDENTIFIER = com.testing.HirraSaleemNYTimesTaskUITests;
				PRODUCT_NAME = "$(TARGET_NAME)";
				SWIFT_EMIT_LOC_STRINGS = NO;
				SWIFT_VERSION = 5.0;
				TARGETED_DEVICE_FAMILY = "1,2";
				TEST_TARGET_NAME = HirraSaleemNYTimesTask;
			};
			name = Release;
		};
/* End XCBuildConfiguration section */

/* Begin XCConfigurationList section */
		70A2A8AF279C15A900288372 /* Build configuration list for PBXProject "HirraSaleemNYTimesTask" */ = {
			isa = XCConfigurationList;
			buildConfigurations = (
				70A2A8D6279C15AB00288372 /* Debug */,
				70A2A8D7279C15AB00288372 /* Release */,
			);
			defaultConfigurationIsVisible = 0;
			defaultConfigurationName = Release;
		};
		70A2A8D8279C15AB00288372 /* Build configuration list for PBXNativeTarget "HirraSaleemNYTimesTask" */ = {
			isa = XCConfigurationList;
			buildConfigurations = (
				70A2A8D9279C15AB00288372 /* Debug */,
				70A2A8DA279C15AB00288372 /* Release */,
			);
			defaultConfigurationIsVisible = 0;
			defaultConfigurationName = Release;
		};
		70A2A8DB279C15AB00288372 /* Build configuration list for PBXNativeTarget "HirraSaleemNYTimesTaskTests" */ = {
			isa = XCConfigurationList;
			buildConfigurations = (
				70A2A8DC279C15AB00288372 /* Debug */,
				70A2A8DD279C15AB00288372 /* Release */,
			);
			defaultConfigurationIsVisible = 0;
			defaultConfigurationName = Release;
		};
		70A2A8DE279C15AB00288372 /* Build configuration list for PBXNativeTarget "HirraSaleemNYTimesTaskUITests" */ = {
			isa = XCConfigurationList;
			buildConfigurations = (
				70A2A8DF279C15AB00288372 /* Debug */,
				70A2A8E0279C15AB00288372 /* Release */,
			);
			defaultConfigurationIsVisible = 0;
			defaultConfigurationName = Release;
		};
/* End XCConfigurationList section */
	};
	rootObject = 70A2A8AC279C15A900288372 /* Project object */;
}
